
Microsoft Visual Studio Solution File, Format Version 12.00
# Visual Studio 15
VisualStudioVersion = 15.0.28010.2026
MinimumVisualStudioVersion = 10.0.40219.1
Project("{FAE04EC0-301F-11D3-BF4B-00C04F79EFBC}") = "GanheiGastei.Android", "GanheiGastei\GanheiGastei.Android\GanheiGastei.Android.csproj", "{0099E825-8C7D-4D5C-BF2F-242286534CEF}"
EndProject
Project("{FAE04EC0-301F-11D3-BF4B-00C04F79EFBC}") = "GanheiGastei.iOS", "GanheiGastei\GanheiGastei.iOS\GanheiGastei.iOS.csproj", "{BCDAD1CE-284E-4D8B-8705-BCB8FE3F13BC}"
EndProject
Project("{FAE04EC0-301F-11D3-BF4B-00C04F79EFBC}") = "GanheiGastei.UWP", "GanheiGastei\GanheiGastei.UWP\GanheiGastei.UWP.csproj", "{72122051-F1AF-4B05-8E63-21E7DCE07D0F}"
EndProject
Project("{9A19103F-16F7-4668-BE54-9A1E7A4F7556}") = "GanheiGastei", "GanheiGastei\GanheiGastei\GanheiGastei.csproj", "{724F2B3E-708C-459F-A5A1-E631487C1C23}"
EndProject
Global
	GlobalSection(SolutionConfigurationPlatforms) = preSolution
		Ad-Hoc|Any CPU = Ad-Hoc|Any CPU
		Ad-Hoc|ARM = Ad-Hoc|ARM
		Ad-Hoc|iPhone = Ad-Hoc|iPhone
		Ad-Hoc|iPhoneSimulator = Ad-Hoc|iPhoneSimulator
		Ad-Hoc|x64 = Ad-Hoc|x64
		Ad-Hoc|x86 = Ad-Hoc|x86
		AppStore|Any CPU = AppStore|Any CPU
		AppStore|ARM = AppStore|ARM
		AppStore|iPhone = AppStore|iPhone
		AppStore|iPhoneSimulator = AppStore|iPhoneSimulator
		AppStore|x64 = AppStore|x64
		AppStore|x86 = AppStore|x86
		Debug|Any CPU = Debug|Any CPU
		Debug|ARM = Debug|ARM
		Debug|iPhone = Debug|iPhone
		Debug|iPhoneSimulator = Debug|iPhoneSimulator
		Debug|x64 = Debug|x64
		Debug|x86 = Debug|x86
		Release|Any CPU = Release|Any CPU
		Release|ARM = Release|ARM
		Release|iPhone = Release|iPhone
		Release|iPhoneSimulator = Release|iPhoneSimulator
		Release|x64 = Release|x64
		Release|x86 = Release|x86
	EndGlobalSection
	GlobalSection(ProjectConfigurationPlatforms) = postSolution
		{0099E825-8C7D-4D5C-BF2F-242286534CEF}.Ad-Hoc|Any CPU.ActiveCfg = Release|Any CPU
		{0099E825-8C7D-4D5C-BF2F-242286534CEF}.Ad-Hoc|Any CPU.Build.0 = Release|Any CPU
		{0099E825-8C7D-4D5C-BF2F-242286534CEF}.Ad-Hoc|Any CPU.Deploy.0 = Release|Any CPU
		{0099E825-8C7D-4D5C-BF2F-242286534CEF}.Ad-Hoc|ARM.ActiveCfg = Release|Any CPU
		{0099E825-8C7D-4D5C-BF2F-242286534CEF}.Ad-Hoc|ARM.Build.0 = Release|Any CPU
		{0099E825-8C7D-4D5C-BF2F-242286534CEF}.Ad-Hoc|ARM.Deploy.0 = Release|Any CPU
		{0099E825-8C7D-4D5C-BF2F-242286534CEF}.Ad-Hoc|iPhone.ActiveCfg = Release|Any CPU
		{0099E825-8C7D-4D5C-BF2F-242286534CEF}.Ad-Hoc|iPhone.Build.0 = Release|Any CPU
		{0099E825-8C7D-4D5C-BF2F-242286534CEF}.Ad-Hoc|iPhone.Deploy.0 = Release|Any CPU
		{0099E825-8C7D-4D5C-BF2F-242286534CEF}.Ad-Hoc|iPhoneSimulator.ActiveCfg = Release|Any CPU
		{0099E825-8C7D-4D5C-BF2F-242286534CEF}.Ad-Hoc|iPhoneSimulator.Build.0 = Release|Any CPU
		{0099E825-8C7D-4D5C-BF2F-242286534CEF}.Ad-Hoc|iPhoneSimulator.Deploy.0 = Release|Any CPU
		{0099E825-8C7D-4D5C-BF2F-242286534CEF}.Ad-Hoc|x64.ActiveCfg = Release|Any CPU
		{0099E825-8C7D-4D5C-BF2F-242286534CEF}.Ad-Hoc|x64.Build.0 = Release|Any CPU
		{0099E825-8C7D-4D5C-BF2F-242286534CEF}.Ad-Hoc|x64.Deploy.0 = Release|Any CPU
		{0099E825-8C7D-4D5C-BF2F-242286534CEF}.Ad-Hoc|x86.ActiveCfg = Release|Any CPU
		{0099E825-8C7D-4D5C-BF2F-242286534CEF}.Ad-Hoc|x86.Build.0 = Release|Any CPU
		{0099E825-8C7D-4D5C-BF2F-242286534CEF}.Ad-Hoc|x86.Deploy.0 = Release|Any CPU
		{0099E825-8C7D-4D5C-BF2F-242286534CEF}.AppStore|Any CPU.ActiveCfg = Release|Any CPU
		{0099E825-8C7D-4D5C-BF2F-242286534CEF}.AppStore|Any CPU.Build.0 = Release|Any CPU
		{0099E825-8C7D-4D5C-BF2F-242286534CEF}.AppStore|Any CPU.Deploy.0 = Release|Any CPU
		{0099E825-8C7D-4D5C-BF2F-242286534CEF}.AppStore|ARM.ActiveCfg = Release|Any CPU
		{0099E825-8C7D-4D5C-BF2F-242286534CEF}.AppStore|ARM.Build.0 = Release|Any CPU
		{0099E825-8C7D-4D5C-BF2F-242286534CEF}.AppStore|ARM.Deploy.0 = Release|Any CPU
		{0099E825-8C7D-4D5C-BF2F-242286534CEF}.AppStore|iPhone.ActiveCfg = Release|Any CPU
		{0099E825-8C7D-4D5C-BF2F-242286534CEF}.AppStore|iPhone.Build.0 = Release|Any CPU
		{0099E825-8C7D-4D5C-BF2F-242286534CEF}.AppStore|iPhone.Deploy.0 = Release|Any CPU
		{0099E825-8C7D-4D5C-BF2F-242286534CEF}.AppStore|iPhoneSimulator.ActiveCfg = Release|Any CPU
		{0099E825-8C7D-4D5C-BF2F-242286534CEF}.AppStore|iPhoneSimulator.Build.0 = Release|Any CPU
		{0099E825-8C7D-4D5C-BF2F-242286534CEF}.AppStore|iPhoneSimulator.Deploy.0 = Release|Any CPU
		{0099E825-8C7D-4D5C-BF2F-242286534CEF}.AppStore|x64.ActiveCfg = Release|Any CPU
		{0099E825-8C7D-4D5C-BF2F-242286534CEF}.AppStore|x64.Build.0 = Release|Any CPU
		{0099E825-8C7D-4D5C-BF2F-242286534CEF}.AppStore|x64.Deploy.0 = Release|Any CPU
		{0099E825-8C7D-4D5C-BF2F-242286534CEF}.AppStore|x86.ActiveCfg = Release|Any CPU
		{0099E825-8C7D-4D5C-BF2F-242286534CEF}.AppStore|x86.Build.0 = Release|Any CPU
		{0099E825-8C7D-4D5C-BF2F-242286534CEF}.AppStore|x86.Deploy.0 = Release|Any CPU
		{0099E825-8C7D-4D5C-BF2F-242286534CEF}.Debug|Any CPU.ActiveCfg = Debug|Any CPU
		{0099E825-8C7D-4D5C-BF2F-242286534CEF}.Debug|Any CPU.Build.0 = Debug|Any CPU
		{0099E825-8C7D-4D5C-BF2F-242286534CEF}.Debug|Any CPU.Deploy.0 = Debug|Any CPU
		{0099E825-8C7D-4D5C-BF2F-242286534CEF}.Debug|ARM.ActiveCfg = Debug|Any CPU
		{0099E825-8C7D-4D5C-BF2F-242286534CEF}.Debug|ARM.Build.0 = Debug|Any CPU
		{0099E825-8C7D-4D5C-BF2F-242286534CEF}.Debug|ARM.Deploy.0 = Debug|Any CPU
		{0099E825-8C7D-4D5C-BF2F-242286534CEF}.Debug|iPhone.ActiveCfg = Debug|Any CPU
		{0099E825-8C7D-4D5C-BF2F-242286534CEF}.Debug|iPhone.Build.0 = Debug|Any CPU
		{0099E825-8C7D-4D5C-BF2F-242286534CEF}.Debug|iPhone.Deploy.0 = Debug|Any CPU
		{0099E825-8C7D-4D5C-BF2F-242286534CEF}.Debug|iPhoneSimulator.ActiveCfg = Debug|Any CPU
		{0099E825-8C7D-4D5C-BF2F-242286534CEF}.Debug|iPhoneSimulator.Build.0 = Debug|Any CPU
		{0099E825-8C7D-4D5C-BF2F-242286534CEF}.Debug|iPhoneSimulator.Deploy.0 = Debug|Any CPU
		{0099E825-8C7D-4D5C-BF2F-242286534CEF}.Debug|x64.ActiveCfg = Debug|Any CPU
		{0099E825-8C7D-4D5C-BF2F-242286534CEF}.Debug|x64.Build.0 = Debug|Any CPU
		{0099E825-8C7D-4D5C-BF2F-242286534CEF}.Debug|x64.Deploy.0 = Debug|Any CPU
		{0099E825-8C7D-4D5C-BF2F-242286534CEF}.Debug|x86.ActiveCfg = Debug|Any CPU
		{0099E825-8C7D-4D5C-BF2F-242286534CEF}.Debug|x86.Build.0 = Debug|Any CPU
		{0099E825-8C7D-4D5C-BF2F-242286534CEF}.Debug|x86.Deploy.0 = Debug|Any CPU
		{0099E825-8C7D-4D5C-BF2F-242286534CEF}.Release|Any CPU.ActiveCfg = Release|Any CPU
		{0099E825-8C7D-4D5C-BF2F-242286534CEF}.Release|Any CPU.Build.0 = Release|Any CPU
		{0099E825-8C7D-4D5C-BF2F-242286534CEF}.Release|Any CPU.Deploy.0 = Release|Any CPU
		{0099E825-8C7D-4D5C-BF2F-242286534CEF}.Release|ARM.ActiveCfg = Release|Any CPU
		{0099E825-8C7D-4D5C-BF2F-242286534CEF}.Release|ARM.Build.0 = Release|Any CPU
		{0099E825-8C7D-4D5C-BF2F-242286534CEF}.Release|ARM.Deploy.0 = Release|Any CPU
		{0099E825-8C7D-4D5C-BF2F-242286534CEF}.Release|iPhone.ActiveCfg = Release|Any CPU
		{0099E825-8C7D-4D5C-BF2F-242286534CEF}.Release|iPhone.Build.0 = Release|Any CPU
		{0099E825-8C7D-4D5C-BF2F-242286534CEF}.Release|iPhone.Deploy.0 = Release|Any CPU
		{0099E825-8C7D-4D5C-BF2F-242286534CEF}.Release|iPhoneSimulator.ActiveCfg = Release|Any CPU
		{0099E825-8C7D-4D5C-BF2F-242286534CEF}.Release|iPhoneSimulator.Build.0 = Release|Any CPU
		{0099E825-8C7D-4D5C-BF2F-242286534CEF}.Release|iPhoneSimulator.Deploy.0 = Release|Any CPU
		{0099E825-8C7D-4D5C-BF2F-242286534CEF}.Release|x64.ActiveCfg = Release|Any CPU
		{0099E825-8C7D-4D5C-BF2F-242286534CEF}.Release|x64.Build.0 = Release|Any CPU
		{0099E825-8C7D-4D5C-BF2F-242286534CEF}.Release|x64.Deploy.0 = Release|Any CPU
		{0099E825-8C7D-4D5C-BF2F-242286534CEF}.Release|x86.ActiveCfg = Release|Any CPU
		{0099E825-8C7D-4D5C-BF2F-242286534CEF}.Release|x86.Build.0 = Release|Any CPU
		{0099E825-8C7D-4D5C-BF2F-242286534CEF}.Release|x86.Deploy.0 = Release|Any CPU
		{BCDAD1CE-284E-4D8B-8705-BCB8FE3F13BC}.Ad-Hoc|Any CPU.ActiveCfg = Ad-Hoc|iPhone
		{BCDAD1CE-284E-4D8B-8705-BCB8FE3F13BC}.Ad-Hoc|Any CPU.Build.0 = Ad-Hoc|iPhone
		{BCDAD1CE-284E-4D8B-8705-BCB8FE3F13BC}.Ad-Hoc|Any CPU.Deploy.0 = Ad-Hoc|iPhone
		{BCDAD1CE-284E-4D8B-8705-BCB8FE3F13BC}.Ad-Hoc|ARM.ActiveCfg = Ad-Hoc|iPhone
		{BCDAD1CE-284E-4D8B-8705-BCB8FE3F13BC}.Ad-Hoc|ARM.Build.0 = Ad-Hoc|iPhone
		{BCDAD1CE-284E-4D8B-8705-BCB8FE3F13BC}.Ad-Hoc|ARM.Deploy.0 = Ad-Hoc|iPhone
		{BCDAD1CE-284E-4D8B-8705-BCB8FE3F13BC}.Ad-Hoc|iPhone.ActiveCfg = Ad-Hoc|iPhone
		{BCDAD1CE-284E-4D8B-8705-BCB8FE3F13BC}.Ad-Hoc|iPhone.Build.0 = Ad-Hoc|iPhone
		{BCDAD1CE-284E-4D8B-8705-BCB8FE3F13BC}.Ad-Hoc|iPhone.Deploy.0 = Ad-Hoc|iPhone
		{BCDAD1CE-284E-4D8B-8705-BCB8FE3F13BC}.Ad-Hoc|iPhoneSimulator.ActiveCfg = Ad-Hoc|iPhoneSimulator
		{BCDAD1CE-284E-4D8B-8705-BCB8FE3F13BC}.Ad-Hoc|iPhoneSimulator.Build.0 = Ad-Hoc|iPhoneSimulator
		{BCDAD1CE-284E-4D8B-8705-BCB8FE3F13BC}.Ad-Hoc|iPhoneSimulator.Deploy.0 = Ad-Hoc|iPhoneSimulator
		{BCDAD1CE-284E-4D8B-8705-BCB8FE3F13BC}.Ad-Hoc|x64.ActiveCfg = Ad-Hoc|iPhone
		{BCDAD1CE-284E-4D8B-8705-BCB8FE3F13BC}.Ad-Hoc|x64.Build.0 = Ad-Hoc|iPhone
		{BCDAD1CE-284E-4D8B-8705-BCB8FE3F13BC}.Ad-Hoc|x64.Deploy.0 = Ad-Hoc|iPhone
		{BCDAD1CE-284E-4D8B-8705-BCB8FE3F13BC}.Ad-Hoc|x86.ActiveCfg = Ad-Hoc|iPhone
		{BCDAD1CE-284E-4D8B-8705-BCB8FE3F13BC}.Ad-Hoc|x86.Build.0 = Ad-Hoc|iPhone
		{BCDAD1CE-284E-4D8B-8705-BCB8FE3F13BC}.Ad-Hoc|x86.Deploy.0 = Ad-Hoc|iPhone
		{BCDAD1CE-284E-4D8B-8705-BCB8FE3F13BC}.AppStore|Any CPU.ActiveCfg = AppStore|iPhone
		{BCDAD1CE-284E-4D8B-8705-BCB8FE3F13BC}.AppStore|Any CPU.Build.0 = AppStore|iPhone
		{BCDAD1CE-284E-4D8B-8705-BCB8FE3F13BC}.AppStore|Any CPU.Deploy.0 = AppStore|iPhone
		{BCDAD1CE-284E-4D8B-8705-BCB8FE3F13BC}.AppStore|ARM.ActiveCfg = AppStore|iPhone
		{BCDAD1CE-284E-4D8B-8705-BCB8FE3F13BC}.AppStore|ARM.Build.0 = AppStore|iPhone
		{BCDAD1CE-284E-4D8B-8705-BCB8FE3F13BC}.AppStore|ARM.Deploy.0 = AppStore|iPhone
		{BCDAD1CE-284E-4D8B-8705-BCB8FE3F13BC}.AppStore|iPhone.ActiveCfg = AppStore|iPhone
		{BCDAD1CE-284E-4D8B-8705-BCB8FE3F13BC}.AppStore|iPhone.Build.0 = AppStore|iPhone
		{BCDAD1CE-284E-4D8B-8705-BCB8FE3F13BC}.AppStore|iPhone.Deploy.0 = AppStore|iPhone
		{BCDAD1CE-284E-4D8B-8705-BCB8FE3F13BC}.AppStore|iPhoneSimulator.ActiveCfg = AppStore|iPhoneSimulator
		{BCDAD1CE-284E-4D8B-8705-BCB8FE3F13BC}.AppStore|iPhoneSimulator.Build.0 = AppStore|iPhoneSimulator
		{BCDAD1CE-284E-4D8B-8705-BCB8FE3F13BC}.AppStore|iPhoneSimulator.Deploy.0 = AppStore|iPhoneSimulator
		{BCDAD1CE-284E-4D8B-8705-BCB8FE3F13BC}.AppStore|x64.ActiveCfg = AppStore|iPhone
		{BCDAD1CE-284E-4D8B-8705-BCB8FE3F13BC}.AppStore|x64.Build.0 = AppStore|iPhone
		{BCDAD1CE-284E-4D8B-8705-BCB8FE3F13BC}.AppStore|x64.Deploy.0 = AppStore|iPhone
		{BCDAD1CE-284E-4D8B-8705-BCB8FE3F13BC}.AppStore|x86.ActiveCfg = AppStore|iPhone
		{BCDAD1CE-284E-4D8B-8705-BCB8FE3F13BC}.AppStore|x86.Build.0 = AppStore|iPhone
		{BCDAD1CE-284E-4D8B-8705-BCB8FE3F13BC}.AppStore|x86.Deploy.0 = AppStore|iPhone
		{BCDAD1CE-284E-4D8B-8705-BCB8FE3F13BC}.Debug|Any CPU.ActiveCfg = Debug|iPhoneSimulator
		{BCDAD1CE-284E-4D8B-8705-BCB8FE3F13BC}.Debug|Any CPU.Build.0 = Debug|iPhoneSimulator
		{BCDAD1CE-284E-4D8B-8705-BCB8FE3F13BC}.Debug|Any CPU.Deploy.0 = Debug|iPhoneSimulator
		{BCDAD1CE-284E-4D8B-8705-BCB8FE3F13BC}.Debug|ARM.ActiveCfg = Debug|iPhone
		{BCDAD1CE-284E-4D8B-8705-BCB8FE3F13BC}.Debug|ARM.Build.0 = Debug|iPhone
		{BCDAD1CE-284E-4D8B-8705-BCB8FE3F13BC}.Debug|ARM.Deploy.0 = Debug|iPhone
		{BCDAD1CE-284E-4D8B-8705-BCB8FE3F13BC}.Debug|iPhone.ActiveCfg = Debug|iPhone
		{BCDAD1CE-284E-4D8B-8705-BCB8FE3F13BC}.Debug|iPhone.Build.0 = Debug|iPhone
		{BCDAD1CE-284E-4D8B-8705-BCB8FE3F13BC}.Debug|iPhone.Deploy.0 = Debug|iPhone
		{BCDAD1CE-284E-4D8B-8705-BCB8FE3F13BC}.Debug|iPhoneSimulator.ActiveCfg = Debug|iPhoneSimulator
		{BCDAD1CE-284E-4D8B-8705-BCB8FE3F13BC}.Debug|iPhoneSimulator.Build.0 = Debug|iPhoneSimulator
		{BCDAD1CE-284E-4D8B-8705-BCB8FE3F13BC}.Debug|iPhoneSimulator.Deploy.0 = Debug|iPhoneSimulator
		{BCDAD1CE-284E-4D8B-8705-BCB8FE3F13BC}.Debug|x64.ActiveCfg = Debug|iPhone
		{BCDAD1CE-284E-4D8B-8705-BCB8FE3F13BC}.Debug|x64.Build.0 = Debug|iPhone
		{BCDAD1CE-284E-4D8B-8705-BCB8FE3F13BC}.Debug|x64.Deploy.0 = Debug|iPhone
		{BCDAD1CE-284E-4D8B-8705-BCB8FE3F13BC}.Debug|x86.ActiveCfg = Debug|iPhone
		{BCDAD1CE-284E-4D8B-8705-BCB8FE3F13BC}.Debug|x86.Build.0 = Debug|iPhone
		{BCDAD1CE-284E-4D8B-8705-BCB8FE3F13BC}.Debug|x86.Deploy.0 = Debug|iPhone
		{BCDAD1CE-284E-4D8B-8705-BCB8FE3F13BC}.Release|Any CPU.ActiveCfg = Release|iPhone
		{BCDAD1CE-284E-4D8B-8705-BCB8FE3F13BC}.Release|Any CPU.Build.0 = Release|iPhone
		{BCDAD1CE-284E-4D8B-8705-BCB8FE3F13BC}.Release|Any CPU.Deploy.0 = Release|iPhone
		{BCDAD1CE-284E-4D8B-8705-BCB8FE3F13BC}.Release|ARM.ActiveCfg = Release|iPhone
		{BCDAD1CE-284E-4D8B-8705-BCB8FE3F13BC}.Release|ARM.Build.0 = Release|iPhone
		{BCDAD1CE-284E-4D8B-8705-BCB8FE3F13BC}.Release|ARM.Deploy.0 = Release|iPhone
		{BCDAD1CE-284E-4D8B-8705-BCB8FE3F13BC}.Release|iPhone.ActiveCfg = Release|iPhone
		{BCDAD1CE-284E-4D8B-8705-BCB8FE3F13BC}.Release|iPhone.Build.0 = Release|iPhone
		{BCDAD1CE-284E-4D8B-8705-BCB8FE3F13BC}.Release|iPhone.Deploy.0 = Release|iPhone
		{BCDAD1CE-284E-4D8B-8705-BCB8FE3F13BC}.Release|iPhoneSimulator.ActiveCfg = Release|iPhoneSimulator
		{BCDAD1CE-284E-4D8B-8705-BCB8FE3F13BC}.Release|iPhoneSimulator.Build.0 = Release|iPhoneSimulator
		{BCDAD1CE-284E-4D8B-8705-BCB8FE3F13BC}.Release|iPhoneSimulator.Deploy.0 = Release|iPhoneSimulator
		{BCDAD1CE-284E-4D8B-8705-BCB8FE3F13BC}.Release|x64.ActiveCfg = Release|iPhone
		{BCDAD1CE-284E-4D8B-8705-BCB8FE3F13BC}.Release|x64.Build.0 = Release|iPhone
		{BCDAD1CE-284E-4D8B-8705-BCB8FE3F13BC}.Release|x64.Deploy.0 = Release|iPhone
		{BCDAD1CE-284E-4D8B-8705-BCB8FE3F13BC}.Release|x86.ActiveCfg = Release|iPhone
		{BCDAD1CE-284E-4D8B-8705-BCB8FE3F13BC}.Release|x86.Build.0 = Release|iPhone
		{BCDAD1CE-284E-4D8B-8705-BCB8FE3F13BC}.Release|x86.Deploy.0 = Release|iPhone
		{72122051-F1AF-4B05-8E63-21E7DCE07D0F}.Ad-Hoc|Any CPU.ActiveCfg = Release|x86
		{72122051-F1AF-4B05-8E63-21E7DCE07D0F}.Ad-Hoc|Any CPU.Build.0 = Release|x86
		{72122051-F1AF-4B05-8E63-21E7DCE07D0F}.Ad-Hoc|Any CPU.Deploy.0 = Release|x86
		{72122051-F1AF-4B05-8E63-21E7DCE07D0F}.Ad-Hoc|ARM.ActiveCfg = Release|ARM
		{72122051-F1AF-4B05-8E63-21E7DCE07D0F}.Ad-Hoc|ARM.Build.0 = Release|ARM
		{72122051-F1AF-4B05-8E63-21E7DCE07D0F}.Ad-Hoc|ARM.Deploy.0 = Release|ARM
		{72122051-F1AF-4B05-8E63-21E7DCE07D0F}.Ad-Hoc|iPhone.ActiveCfg = Release|x86
		{72122051-F1AF-4B05-8E63-21E7DCE07D0F}.Ad-Hoc|iPhone.Build.0 = Release|x86
		{72122051-F1AF-4B05-8E63-21E7DCE07D0F}.Ad-Hoc|iPhone.Deploy.0 = Release|x86
		{72122051-F1AF-4B05-8E63-21E7DCE07D0F}.Ad-Hoc|iPhoneSimulator.ActiveCfg = Release|x86
		{72122051-F1AF-4B05-8E63-21E7DCE07D0F}.Ad-Hoc|iPhoneSimulator.Build.0 = Release|x86
		{72122051-F1AF-4B05-8E63-21E7DCE07D0F}.Ad-Hoc|iPhoneSimulator.Deploy.0 = Release|x86
		{72122051-F1AF-4B05-8E63-21E7DCE07D0F}.Ad-Hoc|x64.ActiveCfg = Release|x64
		{72122051-F1AF-4B05-8E63-21E7DCE07D0F}.Ad-Hoc|x64.Build.0 = Release|x64
		{72122051-F1AF-4B05-8E63-21E7DCE07D0F}.Ad-Hoc|x64.Deploy.0 = Release|x64
		{72122051-F1AF-4B05-8E63-21E7DCE07D0F}.Ad-Hoc|x86.ActiveCfg = Release|x86
		{72122051-F1AF-4B05-8E63-21E7DCE07D0F}.Ad-Hoc|x86.Build.0 = Release|x86
		{72122051-F1AF-4B05-8E63-21E7DCE07D0F}.Ad-Hoc|x86.Deploy.0 = Release|x86
		{72122051-F1AF-4B05-8E63-21E7DCE07D0F}.AppStore|Any CPU.ActiveCfg = Release|x86
		{72122051-F1AF-4B05-8E63-21E7DCE07D0F}.AppStore|Any CPU.Build.0 = Release|x86
		{72122051-F1AF-4B05-8E63-21E7DCE07D0F}.AppStore|Any CPU.Deploy.0 = Release|x86
		{72122051-F1AF-4B05-8E63-21E7DCE07D0F}.AppStore|ARM.ActiveCfg = Release|ARM
		{72122051-F1AF-4B05-8E63-21E7DCE07D0F}.AppStore|ARM.Build.0 = Release|ARM
		{72122051-F1AF-4B05-8E63-21E7DCE07D0F}.AppStore|ARM.Deploy.0 = Release|ARM
		{72122051-F1AF-4B05-8E63-21E7DCE07D0F}.AppStore|iPhone.ActiveCfg = Release|x86
		{72122051-F1AF-4B05-8E63-21E7DCE07D0F}.AppStore|iPhone.Build.0 = Release|x86
		{72122051-F1AF-4B05-8E63-21E7DCE07D0F}.AppStore|iPhone.Deploy.0 = Release|x86
		{72122051-F1AF-4B05-8E63-21E7DCE07D0F}.AppStore|iPhoneSimulator.ActiveCfg = Release|x86
		{72122051-F1AF-4B05-8E63-21E7DCE07D0F}.AppStore|iPhoneSimulator.Build.0 = Release|x86
		{72122051-F1AF-4B05-8E63-21E7DCE07D0F}.AppStore|iPhoneSimulator.Deploy.0 = Release|x86
		{72122051-F1AF-4B05-8E63-21E7DCE07D0F}.AppStore|x64.ActiveCfg = Release|x64
		{72122051-F1AF-4B05-8E63-21E7DCE07D0F}.AppStore|x64.Build.0 = Release|x64
		{72122051-F1AF-4B05-8E63-21E7DCE07D0F}.AppStore|x64.Deploy.0 = Release|x64
		{72122051-F1AF-4B05-8E63-21E7DCE07D0F}.AppStore|x86.ActiveCfg = Release|x86
		{72122051-F1AF-4B05-8E63-21E7DCE07D0F}.AppStore|x86.Build.0 = Release|x86
		{72122051-F1AF-4B05-8E63-21E7DCE07D0F}.AppStore|x86.Deploy.0 = Release|x86
		{72122051-F1AF-4B05-8E63-21E7DCE07D0F}.Debug|Any CPU.ActiveCfg = Debug|x86
		{72122051-F1AF-4B05-8E63-21E7DCE07D0F}.Debug|Any CPU.Build.0 = Debug|x86
		{72122051-F1AF-4B05-8E63-21E7DCE07D0F}.Debug|Any CPU.Deploy.0 = Debug|x86
		{72122051-F1AF-4B05-8E63-21E7DCE07D0F}.Debug|ARM.ActiveCfg = Debug|ARM
		{72122051-F1AF-4B05-8E63-21E7DCE07D0F}.Debug|ARM.Build.0 = Debug|ARM
		{72122051-F1AF-4B05-8E63-21E7DCE07D0F}.Debug|ARM.Deploy.0 = Debug|ARM
		{72122051-F1AF-4B05-8E63-21E7DCE07D0F}.Debug|iPhone.ActiveCfg = Debug|x86
		{72122051-F1AF-4B05-8E63-21E7DCE07D0F}.Debug|iPhone.Build.0 = Debug|x86
		{72122051-F1AF-4B05-8E63-21E7DCE07D0F}.Debug|iPhone.Deploy.0 = Debug|x86
		{72122051-F1AF-4B05-8E63-21E7DCE07D0F}.Debug|iPhoneSimulator.ActiveCfg = Debug|x86
		{72122051-F1AF-4B05-8E63-21E7DCE07D0F}.Debug|iPhoneSimulator.Build.0 = Debug|x86
		{72122051-F1AF-4B05-8E63-21E7DCE07D0F}.Debug|iPhoneSimulator.Deploy.0 = Debug|x86
		{72122051-F1AF-4B05-8E63-21E7DCE07D0F}.Debug|x64.ActiveCfg = Debug|x64
		{72122051-F1AF-4B05-8E63-21E7DCE07D0F}.Debug|x64.Build.0 = Debug|x64
		{72122051-F1AF-4B05-8E63-21E7DCE07D0F}.Debug|x64.Deploy.0 = Debug|x64
		{72122051-F1AF-4B05-8E63-21E7DCE07D0F}.Debug|x86.ActiveCfg = Debug|x86
		{72122051-F1AF-4B05-8E63-21E7DCE07D0F}.Debug|x86.Build.0 = Debug|x86
		{72122051-F1AF-4B05-8E63-21E7DCE07D0F}.Debug|x86.Deploy.0 = Debug|x86
		{72122051-F1AF-4B05-8E63-21E7DCE07D0F}.Release|Any CPU.ActiveCfg = Release|x86
		{72122051-F1AF-4B05-8E63-21E7DCE07D0F}.Release|Any CPU.Build.0 = Release|x86
		{72122051-F1AF-4B05-8E63-21E7DCE07D0F}.Release|Any CPU.Deploy.0 = Release|x86
		{72122051-F1AF-4B05-8E63-21E7DCE07D0F}.Release|ARM.ActiveCfg = Release|ARM
		{72122051-F1AF-4B05-8E63-21E7DCE07D0F}.Release|ARM.Build.0 = Release|ARM
		{72122051-F1AF-4B05-8E63-21E7DCE07D0F}.Release|ARM.Deploy.0 = Release|ARM
		{72122051-F1AF-4B05-8E63-21E7DCE07D0F}.Release|iPhone.ActiveCfg = Release|x86
		{72122051-F1AF-4B05-8E63-21E7DCE07D0F}.Release|iPhone.Build.0 = Release|x86
		{72122051-F1AF-4B05-8E63-21E7DCE07D0F}.Release|iPhone.Deploy.0 = Release|x86
		{72122051-F1AF-4B05-8E63-21E7DCE07D0F}.Release|iPhoneSimulator.ActiveCfg = Release|x86
		{72122051-F1AF-4B05-8E63-21E7DCE07D0F}.Release|iPhoneSimulator.Build.0 = Release|x86
		{72122051-F1AF-4B05-8E63-21E7DCE07D0F}.Release|iPhoneSimulator.Deploy.0 = Release|x86
		{72122051-F1AF-4B05-8E63-21E7DCE07D0F}.Release|x64.ActiveCfg = Release|x64
		{72122051-F1AF-4B05-8E63-21E7DCE07D0F}.Release|x64.Build.0 = Release|x64
		{72122051-F1AF-4B05-8E63-21E7DCE07D0F}.Release|x64.Deploy.0 = Release|x64
		{72122051-F1AF-4B05-8E63-21E7DCE07D0F}.Release|x86.ActiveCfg = Release|x86
		{72122051-F1AF-4B05-8E63-21E7DCE07D0F}.Release|x86.Build.0 = Release|x86
		{72122051-F1AF-4B05-8E63-21E7DCE07D0F}.Release|x86.Deploy.0 = Release|x86
		{724F2B3E-708C-459F-A5A1-E631487C1C23}.Ad-Hoc|Any CPU.ActiveCfg = Debug|Any CPU
		{724F2B3E-708C-459F-A5A1-E631487C1C23}.Ad-Hoc|Any CPU.Build.0 = Debug|Any CPU
		{724F2B3E-708C-459F-A5A1-E631487C1C23}.Ad-Hoc|Any CPU.Deploy.0 = Debug|Any CPU
		{724F2B3E-708C-459F-A5A1-E631487C1C23}.Ad-Hoc|ARM.ActiveCfg = Debug|Any CPU
		{724F2B3E-708C-459F-A5A1-E631487C1C23}.Ad-Hoc|ARM.Build.0 = Debug|Any CPU
		{724F2B3E-708C-459F-A5A1-E631487C1C23}.Ad-Hoc|ARM.Deploy.0 = Debug|Any CPU
		{724F2B3E-708C-459F-A5A1-E631487C1C23}.Ad-Hoc|iPhone.ActiveCfg = Debug|Any CPU
		{724F2B3E-708C-459F-A5A1-E631487C1C23}.Ad-Hoc|iPhone.Build.0 = Debug|Any CPU
		{724F2B3E-708C-459F-A5A1-E631487C1C23}.Ad-Hoc|iPhone.Deploy.0 = Debug|Any CPU
		{724F2B3E-708C-459F-A5A1-E631487C1C23}.Ad-Hoc|iPhoneSimulator.ActiveCfg = Debug|Any CPU
		{724F2B3E-708C-459F-A5A1-E631487C1C23}.Ad-Hoc|iPhoneSimulator.Build.0 = Debug|Any CPU
		{724F2B3E-708C-459F-A5A1-E631487C1C23}.Ad-Hoc|iPhoneSimulator.Deploy.0 = Debug|Any CPU
		{724F2B3E-708C-459F-A5A1-E631487C1C23}.Ad-Hoc|x64.ActiveCfg = Debug|Any CPU
		{724F2B3E-708C-459F-A5A1-E631487C1C23}.Ad-Hoc|x64.Build.0 = Debug|Any CPU
		{724F2B3E-708C-459F-A5A1-E631487C1C23}.Ad-Hoc|x64.Deploy.0 = Debug|Any CPU
		{724F2B3E-708C-459F-A5A1-E631487C1C23}.Ad-Hoc|x86.ActiveCfg = Debug|Any CPU
		{724F2B3E-708C-459F-A5A1-E631487C1C23}.Ad-Hoc|x86.Build.0 = Debug|Any CPU
		{724F2B3E-708C-459F-A5A1-E631487C1C23}.Ad-Hoc|x86.Deploy.0 = Debug|Any CPU
		{724F2B3E-708C-459F-A5A1-E631487C1C23}.AppStore|Any CPU.ActiveCfg = Debug|Any CPU
		{724F2B3E-708C-459F-A5A1-E631487C1C23}.AppStore|Any CPU.Build.0 = Debug|Any CPU
		{724F2B3E-708C-459F-A5A1-E631487C1C23}.AppStore|Any CPU.Deploy.0 = Debug|Any CPU
		{724F2B3E-708C-459F-A5A1-E631487C1C23}.AppStore|ARM.ActiveCfg = Debug|Any CPU
		{724F2B3E-708C-459F-A5A1-E631487C1C23}.AppStore|ARM.Build.0 = Debug|Any CPU
		{724F2B3E-708C-459F-A5A1-E631487C1C23}.AppStore|ARM.Deploy.0 = Debug|Any CPU
		{724F2B3E-708C-459F-A5A1-E631487C1C23}.AppStore|iPhone.ActiveCfg = Debug|Any CPU
		{724F2B3E-708C-459F-A5A1-E631487C1C23}.AppStore|iPhone.Build.0 = Debug|Any CPU
		{724F2B3E-708C-459F-A5A1-E631487C1C23}.AppStore|iPhone.Deploy.0 = Debug|Any CPU
		{724F2B3E-708C-459F-A5A1-E631487C1C23}.AppStore|iPhoneSimulator.ActiveCfg = Debug|Any CPU
		{724F2B3E-708C-459F-A5A1-E631487C1C23}.AppStore|iPhoneSimulator.Build.0 = Debug|Any CPU
		{724F2B3E-708C-459F-A5A1-E631487C1C23}.AppStore|iPhoneSimulator.Deploy.0 = Debug|Any CPU
		{724F2B3E-708C-459F-A5A1-E631487C1C23}.AppStore|x64.ActiveCfg = Debug|Any CPU
		{724F2B3E-708C-459F-A5A1-E631487C1C23}.AppStore|x64.Build.0 = Debug|Any CPU
		{724F2B3E-708C-459F-A5A1-E631487C1C23}.AppStore|x64.Deploy.0 = Debug|Any CPU
		{724F2B3E-708C-459F-A5A1-E631487C1C23}.AppStore|x86.ActiveCfg = Debug|Any CPU
		{724F2B3E-708C-459F-A5A1-E631487C1C23}.AppStore|x86.Build.0 = Debug|Any CPU
		{724F2B3E-708C-459F-A5A1-E631487C1C23}.AppStore|x86.Deploy.0 = Debug|Any CPU
		{724F2B3E-708C-459F-A5A1-E631487C1C23}.Debug|Any CPU.ActiveCfg = Debug|Any CPU
		{724F2B3E-708C-459F-A5A1-E631487C1C23}.Debug|Any CPU.Build.0 = Debug|Any CPU
		{724F2B3E-708C-459F-A5A1-E631487C1C23}.Debug|Any CPU.Deploy.0 = Debug|Any CPU
		{724F2B3E-708C-459F-A5A1-E631487C1C23}.Debug|ARM.ActiveCfg = Debug|Any CPU
		{724F2B3E-708C-459F-A5A1-E631487C1C23}.Debug|ARM.Build.0 = Debug|Any CPU
		{724F2B3E-708C-459F-A5A1-E631487C1C23}.Debug|ARM.Deploy.0 = Debug|Any CPU
		{724F2B3E-708C-459F-A5A1-E631487C1C23}.Debug|iPhone.ActiveCfg = Debug|Any CPU
		{724F2B3E-708C-459F-A5A1-E631487C1C23}.Debug|iPhone.Build.0 = Debug|Any CPU
		{724F2B3E-708C-459F-A5A1-E631487C1C23}.Debug|iPhone.Deploy.0 = Debug|Any CPU
		{724F2B3E-708C-459F-A5A1-E631487C1C23}.Debug|iPhoneSimulator.ActiveCfg = Debug|Any CPU
		{724F2B3E-708C-459F-A5A1-E631487C1C23}.Debug|iPhoneSimulator.Build.0 = Debug|Any CPU
		{724F2B3E-708C-459F-A5A1-E631487C1C23}.Debug|iPhoneSimulator.Deploy.0 = Debug|Any CPU
		{724F2B3E-708C-459F-A5A1-E631487C1C23}.Debug|x64.ActiveCfg = Debug|Any CPU
		{724F2B3E-708C-459F-A5A1-E631487C1C23}.Debug|x64.Build.0 = Debug|Any CPU
		{724F2B3E-708C-459F-A5A1-E631487C1C23}.Debug|x64.Deploy.0 = Debug|Any CPU
		{724F2B3E-708C-459F-A5A1-E631487C1C23}.Debug|x86.ActiveCfg = Debug|Any CPU
		{724F2B3E-708C-459F-A5A1-E631487C1C23}.Debug|x86.Build.0 = Debug|Any CPU
		{724F2B3E-708C-459F-A5A1-E631487C1C23}.Debug|x86.Deploy.0 = Debug|Any CPU
		{724F2B3E-708C-459F-A5A1-E631487C1C23}.Release|Any CPU.ActiveCfg = Release|Any CPU
		{724F2B3E-708C-459F-A5A1-E631487C1C23}.Release|Any CPU.Build.0 = Release|Any CPU
		{724F2B3E-708C-459F-A5A1-E631487C1C23}.Release|Any CPU.Deploy.0 = Release|Any CPU
		{724F2B3E-708C-459F-A5A1-E631487C1C23}.Release|ARM.ActiveCfg = Release|Any CPU
		{724F2B3E-708C-459F-A5A1-E631487C1C23}.Release|ARM.Build.0 = Release|Any CPU
		{724F2B3E-708C-459F-A5A1-E631487C1C23}.Release|ARM.Deploy.0 = Release|Any CPU
		{724F2B3E-708C-459F-A5A1-E631487C1C23}.Release|iPhone.ActiveCfg = Release|Any CPU
		{724F2B3E-708C-459F-A5A1-E631487C1C23}.Release|iPhone.Build.0 = Release|Any CPU
		{724F2B3E-708C-459F-A5A1-E631487C1C23}.Release|iPhone.Deploy.0 = Release|Any CPU
		{724F2B3E-708C-459F-A5A1-E631487C1C23}.Release|iPhoneSimulator.ActiveCfg = Release|Any CPU
		{724F2B3E-708C-459F-A5A1-E631487C1C23}.Release|iPhoneSimulator.Build.0 = Release|Any CPU
		{724F2B3E-708C-459F-A5A1-E631487C1C23}.Release|iPhoneSimulator.Deploy.0 = Release|Any CPU
		{724F2B3E-708C-459F-A5A1-E631487C1C23}.Release|x64.ActiveCfg = Release|Any CPU
		{724F2B3E-708C-459F-A5A1-E631487C1C23}.Release|x64.Build.0 = Release|Any CPU
		{724F2B3E-708C-459F-A5A1-E631487C1C23}.Release|x64.Deploy.0 = Release|Any CPU
		{724F2B3E-708C-459F-A5A1-E631487C1C23}.Release|x86.ActiveCfg = Release|Any CPU
		{724F2B3E-708C-459F-A5A1-E631487C1C23}.Release|x86.Build.0 = Release|Any CPU
		{724F2B3E-708C-459F-A5A1-E631487C1C23}.Release|x86.Deploy.0 = Release|Any CPU
	EndGlobalSection
	GlobalSection(SolutionProperties) = preSolution
		HideSolutionNode = FALSE
	EndGlobalSection
	GlobalSection(ExtensibilityGlobals) = postSolution
		SolutionGuid = {A2968A54-27C3-4514-8FCB-59BD959D35CF}
	EndGlobalSection
EndGlobal
